// !$*UTF8*$!
{
	archiveVersion = 1;
	classes = {
	};
	objectVersion = 50;
	objects = {

/* Begin PBXBuildFile section */
		2022C676228767A10029D0B3 /* HaikuViewController.swift in Sources */ = {isa = PBXBuildFile; fileRef = 2022C675228767A10029D0B3 /* HaikuViewController.swift */; };
		2022C677228767A10029D0B3 /* HaikuViewController.swift in Sources */ = {isa = PBXBuildFile; fileRef = 2022C675228767A10029D0B3 /* HaikuViewController.swift */; };
		2022C678228767A10029D0B3 /* HaikuViewController.swift in Sources */ = {isa = PBXBuildFile; fileRef = 2022C675228767A10029D0B3 /* HaikuViewController.swift */; };
		20B7A4A3227F2CF4007E490D /* AppDelegate.swift in Sources */ = {isa = PBXBuildFile; fileRef = 20B7A4A2227F2CF4007E490D /* AppDelegate.swift */; };
		20B7A4A5227F2CF4007E490D /* WordGenerator.swift in Sources */ = {isa = PBXBuildFile; fileRef = 20B7A4A4227F2CF4007E490D /* WordGenerator.swift */; };
		20B7A4A8227F2CF4007E490D /* Main.storyboard in Resources */ = {isa = PBXBuildFile; fileRef = 20B7A4A6227F2CF4007E490D /* Main.storyboard */; };
		20B7A4AA227F2CF7007E490D /* Assets.xcassets in Resources */ = {isa = PBXBuildFile; fileRef = 20B7A4A9227F2CF7007E490D /* Assets.xcassets */; };
		20B7A4AD227F2CF7007E490D /* LaunchScreen.storyboard in Resources */ = {isa = PBXBuildFile; fileRef = 20B7A4AB227F2CF7007E490D /* LaunchScreen.storyboard */; };
		20B7A4B8227F2CF7007E490D /* HaikuGeneratorTests.swift in Sources */ = {isa = PBXBuildFile; fileRef = 20B7A4B7227F2CF7007E490D /* HaikuGeneratorTests.swift */; };
		20B7A4C3227F2CF7007E490D /* HaikuGeneratorUITests.swift in Sources */ = {isa = PBXBuildFile; fileRef = 20B7A4C2227F2CF7007E490D /* HaikuGeneratorUITests.swift */; };
		20C02180227F42E400F61560 /* WordGenerator.swift in Sources */ = {isa = PBXBuildFile; fileRef = 20B7A4A4227F2CF4007E490D /* WordGenerator.swift */; };
/* End PBXBuildFile section */

/* Begin PBXContainerItemProxy section */
		20B7A4B4227F2CF7007E490D /* PBXContainerItemProxy */ = {
			isa = PBXContainerItemProxy;
			containerPortal = 20B7A497227F2CF4007E490D /* Project object */;
			proxyType = 1;
			remoteGlobalIDString = 20B7A49E227F2CF4007E490D;
			remoteInfo = HaikuGenerator;
		};
		20B7A4BF227F2CF7007E490D /* PBXContainerItemProxy */ = {
			isa = PBXContainerItemProxy;
			containerPortal = 20B7A497227F2CF4007E490D /* Project object */;
			proxyType = 1;
			remoteGlobalIDString = 20B7A49E227F2CF4007E490D;
			remoteInfo = HaikuGenerator;
		};
/* End PBXContainerItemProxy section */

/* Begin PBXFileReference section */
		2022C675228767A10029D0B3 /* HaikuViewController.swift */ = {isa = PBXFileReference; lastKnownFileType = sourcecode.swift; path = HaikuViewController.swift; sourceTree = "<group>"; };
		20B7A49F227F2CF4007E490D /* HaikuGenerator.app */ = {isa = PBXFileReference; explicitFileType = wrapper.application; includeInIndex = 0; path = HaikuGenerator.app; sourceTree = BUILT_PRODUCTS_DIR; };
		20B7A4A2227F2CF4007E490D /* AppDelegate.swift */ = {isa = PBXFileReference; lastKnownFileType = sourcecode.swift; path = AppDelegate.swift; sourceTree = "<group>"; };
		20B7A4A4227F2CF4007E490D /* WordGenerator.swift */ = {isa = PBXFileReference; lastKnownFileType = sourcecode.swift; path = WordGenerator.swift; sourceTree = "<group>"; };
		20B7A4A7227F2CF4007E490D /* Base */ = {isa = PBXFileReference; lastKnownFileType = file.storyboard; name = Base; path = Base.lproj/Main.storyboard; sourceTree = "<group>"; };
		20B7A4A9227F2CF7007E490D /* Assets.xcassets */ = {isa = PBXFileReference; lastKnownFileType = folder.assetcatalog; path = Assets.xcassets; sourceTree = "<group>"; };
		20B7A4AC227F2CF7007E490D /* Base */ = {isa = PBXFileReference; lastKnownFileType = file.storyboard; name = Base; path = Base.lproj/LaunchScreen.storyboard; sourceTree = "<group>"; };
		20B7A4AE227F2CF7007E490D /* Info.plist */ = {isa = PBXFileReference; lastKnownFileType = text.plist.xml; path = Info.plist; sourceTree = "<group>"; };
		20B7A4B3227F2CF7007E490D /* HaikuGeneratorTests.xctest */ = {isa = PBXFileReference; explicitFileType = wrapper.cfbundle; includeInIndex = 0; path = HaikuGeneratorTests.xctest; sourceTree = BUILT_PRODUCTS_DIR; };
		20B7A4B7227F2CF7007E490D /* HaikuGeneratorTests.swift */ = {isa = PBXFileReference; lastKnownFileType = sourcecode.swift; path = HaikuGeneratorTests.swift; sourceTree = "<group>"; };
		20B7A4B9227F2CF7007E490D /* Info.plist */ = {isa = PBXFileReference; lastKnownFileType = text.plist.xml; path = Info.plist; sourceTree = "<group>"; };
		20B7A4BE227F2CF7007E490D /* HaikuGeneratorUITests.xctest */ = {isa = PBXFileReference; explicitFileType = wrapper.cfbundle; includeInIndex = 0; path = HaikuGeneratorUITests.xctest; sourceTree = BUILT_PRODUCTS_DIR; };
		20B7A4C2227F2CF7007E490D /* HaikuGeneratorUITests.swift */ = {isa = PBXFileReference; lastKnownFileType = sourcecode.swift; path = HaikuGeneratorUITests.swift; sourceTree = "<group>"; };
		20B7A4C4227F2CF7007E490D /* Info.plist */ = {isa = PBXFileReference; lastKnownFileType = text.plist.xml; path = Info.plist; sourceTree = "<group>"; };
/* End PBXFileReference section */

/* Begin PBXFrameworksBuildPhase section */
		20B7A49C227F2CF4007E490D /* Frameworks */ = {
			isa = PBXFrameworksBuildPhase;
			buildActionMask = 2147483647;
			files = (
			);
			runOnlyForDeploymentPostprocessing = 0;
		};
		20B7A4B0227F2CF7007E490D /* Frameworks */ = {
			isa = PBXFrameworksBuildPhase;
			buildActionMask = 2147483647;
			files = (
			);
			runOnlyForDeploymentPostprocessing = 0;
		};
		20B7A4BB227F2CF7007E490D /* Frameworks */ = {
			isa = PBXFrameworksBuildPhase;
			buildActionMask = 2147483647;
			files = (
			);
			runOnlyForDeploymentPostprocessing = 0;
		};
/* End PBXFrameworksBuildPhase section */

/* Begin PBXGroup section */
		20B7A496227F2CF4007E490D = {
			isa = PBXGroup;
			children = (
				20B7A4A1227F2CF4007E490D /* HaikuGenerator */,
				20B7A4B6227F2CF7007E490D /* HaikuGeneratorTests */,
				20B7A4C1227F2CF7007E490D /* HaikuGeneratorUITests */,
				20B7A4A0227F2CF4007E490D /* Products */,
			);
			sourceTree = "<group>";
		};
		20B7A4A0227F2CF4007E490D /* Products */ = {
			isa = PBXGroup;
			children = (
				20B7A49F227F2CF4007E490D /* HaikuGenerator.app */,
				20B7A4B3227F2CF7007E490D /* HaikuGeneratorTests.xctest */,
				20B7A4BE227F2CF7007E490D /* HaikuGeneratorUITests.xctest */,
			);
			name = Products;
			sourceTree = "<group>";
		};
		20B7A4A1227F2CF4007E490D /* HaikuGenerator */ = {
			isa = PBXGroup;
			children = (
				20B7A4A2227F2CF4007E490D /* AppDelegate.swift */,
				2022C675228767A10029D0B3 /* HaikuViewController.swift */,
				20B7A4A4227F2CF4007E490D /* WordGenerator.swift */,
				20B7A4A6227F2CF4007E490D /* Main.storyboard */,
				20B7A4A9227F2CF7007E490D /* Assets.xcassets */,
				20B7A4AB227F2CF7007E490D /* LaunchScreen.storyboard */,
				20B7A4AE227F2CF7007E490D /* Info.plist */,
			);
			path = HaikuGenerator;
			sourceTree = "<group>";
		};
		20B7A4B6227F2CF7007E490D /* HaikuGeneratorTests */ = {
			isa = PBXGroup;
			children = (
				20B7A4B7227F2CF7007E490D /* HaikuGeneratorTests.swift */,
				20B7A4B9227F2CF7007E490D /* Info.plist */,
			);
			path = HaikuGeneratorTests;
			sourceTree = "<group>";
		};
		20B7A4C1227F2CF7007E490D /* HaikuGeneratorUITests */ = {
			isa = PBXGroup;
			children = (
				20B7A4C2227F2CF7007E490D /* HaikuGeneratorUITests.swift */,
				20B7A4C4227F2CF7007E490D /* Info.plist */,
			);
			path = HaikuGeneratorUITests;
			sourceTree = "<group>";
		};
/* End PBXGroup section */

/* Begin PBXNativeTarget section */
		20B7A49E227F2CF4007E490D /* HaikuGenerator */ = {
			isa = PBXNativeTarget;
			buildConfigurationList = 20B7A4C7227F2CF7007E490D /* Build configuration list for PBXNativeTarget "HaikuGenerator" */;
			buildPhases = (
				20B7A49B227F2CF4007E490D /* Sources */,
				20B7A49C227F2CF4007E490D /* Frameworks */,
				20B7A49D227F2CF4007E490D /* Resources */,
			);
			buildRules = (
			);
			dependencies = (
			);
			name = HaikuGenerator;
			productName = HaikuGenerator;
			productReference = 20B7A49F227F2CF4007E490D /* HaikuGenerator.app */;
			productType = "com.apple.product-type.application";
		};
		20B7A4B2227F2CF7007E490D /* HaikuGeneratorTests */ = {
			isa = PBXNativeTarget;
			buildConfigurationList = 20B7A4CA227F2CF7007E490D /* Build configuration list for PBXNativeTarget "HaikuGeneratorTests" */;
			buildPhases = (
				20B7A4AF227F2CF7007E490D /* Sources */,
				20B7A4B0227F2CF7007E490D /* Frameworks */,
				20B7A4B1227F2CF7007E490D /* Resources */,
			);
			buildRules = (
			);
			dependencies = (
				20B7A4B5227F2CF7007E490D /* PBXTargetDependency */,
			);
			name = HaikuGeneratorTests;
			productName = HaikuGeneratorTests;
			productReference = 20B7A4B3227F2CF7007E490D /* HaikuGeneratorTests.xctest */;
			productType = "com.apple.product-type.bundle.unit-test";
		};
		20B7A4BD227F2CF7007E490D /* HaikuGeneratorUITests */ = {
			isa = PBXNativeTarget;
			buildConfigurationList = 20B7A4CD227F2CF7007E490D /* Build configuration list for PBXNativeTarget "HaikuGeneratorUITests" */;
			buildPhases = (
				20B7A4BA227F2CF7007E490D /* Sources */,
				20B7A4BB227F2CF7007E490D /* Frameworks */,
				20B7A4BC227F2CF7007E490D /* Resources */,
			);
			buildRules = (
			);
			dependencies = (
				20B7A4C0227F2CF7007E490D /* PBXTargetDependency */,
			);
			name = HaikuGeneratorUITests;
			productName = HaikuGeneratorUITests;
			productReference = 20B7A4BE227F2CF7007E490D /* HaikuGeneratorUITests.xctest */;
			productType = "com.apple.product-type.bundle.ui-testing";
		};
/* End PBXNativeTarget section */

/* Begin PBXProject section */
		20B7A497227F2CF4007E490D /* Project object */ = {
			isa = PBXProject;
			attributes = {
				LastSwiftUpdateCheck = 1010;
				LastUpgradeCheck = 1010;
				ORGANIZATIONNAME = "Sida Nakrosyte";
				TargetAttributes = {
					20B7A49E227F2CF4007E490D = {
						CreatedOnToolsVersion = 10.1;
					};
					20B7A4B2227F2CF7007E490D = {
						CreatedOnToolsVersion = 10.1;
						TestTargetID = 20B7A49E227F2CF4007E490D;
					};
					20B7A4BD227F2CF7007E490D = {
						CreatedOnToolsVersion = 10.1;
						TestTargetID = 20B7A49E227F2CF4007E490D;
					};
				};
			};
			buildConfigurationList = 20B7A49A227F2CF4007E490D /* Build configuration list for PBXProject "HaikuGenerator" */;
			compatibilityVersion = "Xcode 9.3";
			developmentRegion = en;
			hasScannedForEncodings = 0;
			knownRegions = (
				en,
				Base,
			);
			mainGroup = 20B7A496227F2CF4007E490D;
			productRefGroup = 20B7A4A0227F2CF4007E490D /* Products */;
			projectDirPath = "";
			projectRoot = "";
			targets = (
				20B7A49E227F2CF4007E490D /* HaikuGenerator */,
				20B7A4B2227F2CF7007E490D /* HaikuGeneratorTests */,
				20B7A4BD227F2CF7007E490D /* HaikuGeneratorUITests */,
			);
		};
/* End PBXProject section */

/* Begin PBXResourcesBuildPhase section */
		20B7A49D227F2CF4007E490D /* Resources */ = {
			isa = PBXResourcesBuildPhase;
			buildActionMask = 2147483647;
			files = (
				20B7A4AD227F2CF7007E490D /* LaunchScreen.storyboard in Resources */,
				20B7A4AA227F2CF7007E490D /* Assets.xcassets in Resources */,
				20B7A4A8227F2CF4007E490D /* Main.storyboard in Resources */,
			);
			runOnlyForDeploymentPostprocessing = 0;
		};
		20B7A4B1227F2CF7007E490D /* Resources */ = {
			isa = PBXResourcesBuildPhase;
			buildActionMask = 2147483647;
			files = (
			);
			runOnlyForDeploymentPostprocessing = 0;
		};
		20B7A4BC227F2CF7007E490D /* Resources */ = {
			isa = PBXResourcesBuildPhase;
			buildActionMask = 2147483647;
			files = (
			);
			runOnlyForDeploymentPostprocessing = 0;
		};
/* End PBXResourcesBuildPhase section */

/* Begin PBXSourcesBuildPhase section */
		20B7A49B227F2CF4007E490D /* Sources */ = {
			isa = PBXSourcesBuildPhase;
			buildActionMask = 2147483647;
			files = (
				2022C676228767A10029D0B3 /* HaikuViewController.swift in Sources */,
				20B7A4A5227F2CF4007E490D /* WordGenerator.swift in Sources */,
				20B7A4A3227F2CF4007E490D /* AppDelegate.swift in Sources */,
			);
			runOnlyForDeploymentPostprocessing = 0;
		};
		20B7A4AF227F2CF7007E490D /* Sources */ = {
			isa = PBXSourcesBuildPhase;
			buildActionMask = 2147483647;
			files = (
				2022C677228767A10029D0B3 /* HaikuViewController.swift in Sources */,
				20B7A4B8227F2CF7007E490D /* HaikuGeneratorTests.swift in Sources */,
				20C02180227F42E400F61560 /* WordGenerator.swift in Sources */,
			);
			runOnlyForDeploymentPostprocessing = 0;
		};
		20B7A4BA227F2CF7007E490D /* Sources */ = {
			isa = PBXSourcesBuildPhase;
			buildActionMask = 2147483647;
			files = (
				20B7A4C3227F2CF7007E490D /* HaikuGeneratorUITests.swift in Sources */,
				2022C678228767A10029D0B3 /* HaikuViewController.swift in Sources */,
			);
			runOnlyForDeploymentPostprocessing = 0;
		};
/* End PBXSourcesBuildPhase section */

/* Begin PBXTargetDependency section */
		20B7A4B5227F2CF7007E490D /* PBXTargetDependency */ = {
			isa = PBXTargetDependency;
			target = 20B7A49E227F2CF4007E490D /* HaikuGenerator */;
			targetProxy = 20B7A4B4227F2CF7007E490D /* PBXContainerItemProxy */;
		};
		20B7A4C0227F2CF7007E490D /* PBXTargetDependency */ = {
			isa = PBXTargetDependency;
			target = 20B7A49E227F2CF4007E490D /* HaikuGenerator */;
			targetProxy = 20B7A4BF227F2CF7007E490D /* PBXContainerItemProxy */;
		};
/* End PBXTargetDependency section */

/* Begin PBXVariantGroup section */
		20B7A4A6227F2CF4007E490D /* Main.storyboard */ = {
			isa = PBXVariantGroup;
			children = (
				20B7A4A7227F2CF4007E490D /* Base */,
			);
			name = Main.storyboard;
			sourceTree = "<group>";
		};
		20B7A4AB227F2CF7007E490D /* LaunchScreen.storyboard */ = {
			isa = PBXVariantGroup;
			children = (
				20B7A4AC227F2CF7007E490D /* Base */,
			);
			name = LaunchScreen.storyboard;
			sourceTree = "<group>";
		};
/* End PBXVariantGroup section */

/* Begin XCBuildConfiguration section */
		20B7A4C5227F2CF7007E490D /* Debug */ = {
			isa = XCBuildConfiguration;
			buildSettings = {
				ALWAYS_SEARCH_USER_PATHS = NO;
				CLANG_ANALYZER_NONNULL = YES;
				CLANG_ANALYZER_NUMBER_OBJECT_CONVERSION = YES_AGGRESSIVE;
				CLANG_CXX_LANGUAGE_STANDARD = "gnu++14";
				CLANG_CXX_LIBRARY = "libc++";
				CLANG_ENABLE_MODULES = YES;
				CLANG_ENABLE_OBJC_ARC = YES;
				CLANG_ENABLE_OBJC_WEAK = YES;
				CLANG_WARN_BLOCK_CAPTURE_AUTORELEASING = YES;
				CLANG_WARN_BOOL_CONVERSION = YES;
				CLANG_WARN_COMMA = YES;
				CLANG_WARN_CONSTANT_CONVERSION = YES;
				CLANG_WARN_DEPRECATED_OBJC_IMPLEMENTATIONS = YES;
				CLANG_WARN_DIRECT_OBJC_ISA_USAGE = YES_ERROR;
				CLANG_WARN_DOCUMENTATION_COMMENTS = YES;
				CLANG_WARN_EMPTY_BODY = YES;
				CLANG_WARN_ENUM_CONVERSION = YES;
				CLANG_WARN_INFINITE_RECURSION = YES;
				CLANG_WARN_INT_CONVERSION = YES;
				CLANG_WARN_NON_LITERAL_NULL_CONVERSION = YES;
				CLANG_WARN_OBJC_IMPLICIT_RETAIN_SELF = YES;
				CLANG_WARN_OBJC_LITERAL_CONVERSION = YES;
				CLANG_WARN_OBJC_ROOT_CLASS = YES_ERROR;
				CLANG_WARN_RANGE_LOOP_ANALYSIS = YES;
				CLANG_WARN_STRICT_PROTOTYPES = YES;
				CLANG_WARN_SUSPICIOUS_MOVE = YES;
				CLANG_WARN_UNGUARDED_AVAILABILITY = YES_AGGRESSIVE;
				CLANG_WARN_UNREACHABLE_CODE = YES;
				CLANG_WARN__DUPLICATE_METHOD_MATCH = YES;
				CODE_SIGN_IDENTITY = "iPhone Developer";
				COPY_PHASE_STRIP = NO;
				DEBUG_INFORMATION_FORMAT = dwarf;
				ENABLE_STRICT_OBJC_MSGSEND = YES;
				ENABLE_TESTABILITY = YES;
				GCC_C_LANGUAGE_STANDARD = gnu11;
				GCC_DYNAMIC_NO_PIC = NO;
				GCC_NO_COMMON_BLOCKS = YES;
				GCC_OPTIMIZATION_LEVEL = 0;
				GCC_PREPROCESSOR_DEFINITIONS = (
					"DEBUG=1",
					"$(inherited)",
				);
				GCC_WARN_64_TO_32_BIT_CONVERSION = YES;
				GCC_WARN_ABOUT_RETURN_TYPE = YES_ERROR;
				GCC_WARN_UNDECLARED_SELECTOR = YES;
				GCC_WARN_UNINITIALIZED_AUTOS = YES_AGGRESSIVE;
				GCC_WARN_UNUSED_FUNCTION = YES;
				GCC_WARN_UNUSED_VARIABLE = YES;
				IPHONEOS_DEPLOYMENT_TARGET = 12.1;
				MTL_ENABLE_DEBUG_INFO = INCLUDE_SOURCE;
				MTL_FAST_MATH = YES;
				ONLY_ACTIVE_ARCH = YES;
				SDKROOT = iphoneos;
				SWIFT_ACTIVE_COMPILATION_CONDITIONS = DEBUG;
				SWIFT_OPTIMIZATION_LEVEL = "-Onone";
			};
			name = Debug;
		};
		20B7A4C6227F2CF7007E490D /* Release */ = {
			isa = XCBuildConfiguration;
			buildSettings = {
				ALWAYS_SEARCH_USER_PATHS = NO;
				CLANG_ANALYZER_NONNULL = YES;
				CLANG_ANALYZER_NUMBER_OBJECT_CONVERSION = YES_AGGRESSIVE;
				CLANG_CXX_LANGUAGE_STANDARD = "gnu++14";
				CLANG_CXX_LIBRARY = "libc++";
				CLANG_ENABLE_MODULES = YES;
				CLANG_ENABLE_OBJC_ARC = YES;
				CLANG_ENABLE_OBJC_WEAK = YES;
				CLANG_WARN_BLOCK_CAPTURE_AUTORELEASING = YES;
				CLANG_WARN_BOOL_CONVERSION = YES;
				CLANG_WARN_COMMA = YES;
				CLANG_WARN_CONSTANT_CONVERSION = YES;
				CLANG_WARN_DEPRECATED_OBJC_IMPLEMENTATIONS = YES;
				CLANG_WARN_DIRECT_OBJC_ISA_USAGE = YES_ERROR;
				CLANG_WARN_DOCUMENTATION_COMMENTS = YES;
				CLANG_WARN_EMPTY_BODY = YES;
				CLANG_WARN_ENUM_CONVERSION = YES;
				CLANG_WARN_INFINITE_RECURSION = YES;
				CLANG_WARN_INT_CONVERSION = YES;
				CLANG_WARN_NON_LITERAL_NULL_CONVERSION = YES;
				CLANG_WARN_OBJC_IMPLICIT_RETAIN_SELF = YES;
				CLANG_WARN_OBJC_LITERAL_CONVERSION = YES;
				CLANG_WARN_OBJC_ROOT_CLASS = YES_ERROR;
				CLANG_WARN_RANGE_LOOP_ANALYSIS = YES;
				CLANG_WARN_STRICT_PROTOTYPES = YES;
				CLANG_WARN_SUSPICIOUS_MOVE = YES;
				CLANG_WARN_UNGUARDED_AVAILABILITY = YES_AGGRESSIVE;
				CLANG_WARN_UNREACHABLE_CODE = YES;
				CLANG_WARN__DUPLICATE_METHOD_MATCH = YES;
				CODE_SIGN_IDENTITY = "iPhone Developer";
				COPY_PHASE_STRIP = NO;
				DEBUG_INFORMATION_FORMAT = "dwarf-with-dsym";
				ENABLE_NS_ASSERTIONS = NO;
				ENABLE_STRICT_OBJC_MSGSEND = YES;
				GCC_C_LANGUAGE_STANDARD = gnu11;
				GCC_NO_COMMON_BLOCKS = YES;
				GCC_WARN_64_TO_32_BIT_CONVERSION = YES;
				GCC_WARN_ABOUT_RETURN_TYPE = YES_ERROR;
				GCC_WARN_UNDECLARED_SELECTOR = YES;
				GCC_WARN_UNINITIALIZED_AUTOS = YES_AGGRESSIVE;
				GCC_WARN_UNUSED_FUNCTION = YES;
				GCC_WARN_UNUSED_VARIABLE = YES;
				IPHONEOS_DEPLOYMENT_TARGET = 12.1;
				MTL_ENABLE_DEBUG_INFO = NO;
				MTL_FAST_MATH = YES;
				SDKROOT = iphoneos;
				SWIFT_COMPILATION_MODE = wholemodule;
				SWIFT_OPTIMIZATION_LEVEL = "-O";
				VALIDATE_PRODUCT = YES;
			};
			name = Release;
		};
		20B7A4C8227F2CF7007E490D /* Debug */ = {
			isa = XCBuildConfiguration;
			buildSettings = {
				ASSETCATALOG_COMPILER_APPICON_NAME = AppIcon;
				CODE_SIGN_STYLE = Automatic;
				INFOPLIST_FILE = HaikuGenerator/Info.plist;
				LD_RUNPATH_SEARCH_PATHS = (
					"$(inherited)",
					"@executable_path/Frameworks",
				);
				PRODUCT_BUNDLE_IDENTIFIER = com.sidanakro.HaikuGenerator;
				PRODUCT_NAME = "$(TARGET_NAME)";
				SWIFT_VERSION = 4.2;
				TARGETED_DEVICE_FAMILY = "1,2";
			};
			name = Debug;
		};
		20B7A4C9227F2CF7007E490D /* Release */ = {
			isa = XCBuildConfiguration;
			buildSettings = {
				ASSETCATALOG_COMPILER_APPICON_NAME = AppIcon;
				CODE_SIGN_STYLE = Automatic;
				INFOPLIST_FILE = HaikuGenerator/Info.plist;
				LD_RUNPATH_SEARCH_PATHS = (
					"$(inherited)",
					"@executable_path/Frameworks",
				);
				PRODUCT_BUNDLE_IDENTIFIER = com.sidanakro.HaikuGenerator;
				PRODUCT_NAME = "$(TARGET_NAME)";
				SWIFT_VERSION = 4.2;
				TARGETED_DEVICE_FAMILY = "1,2";
			};
			name = Release;
		};
		20B7A4CB227F2CF7007E490D /* Debug */ = {
			isa = XCBuildConfiguration;
			buildSettings = {
				ALWAYS_EMBED_SWIFT_STANDARD_LIBRARIES = YES;
				BUNDLE_LOADER = "$(TEST_HOST)";
				CODE_SIGN_STYLE = Automatic;
				INFOPLIST_FILE = HaikuGeneratorTests/Info.plist;
				LD_RUNPATH_SEARCH_PATHS = (
					"$(inherited)",
					"@executable_path/Frameworks",
					"@loader_path/Frameworks",
				);
				PRODUCT_BUNDLE_IDENTIFIER = com.sidanakro.HaikuGeneratorTests;
				PRODUCT_NAME = "$(TARGET_NAME)";
				SWIFT_VERSION = 4.2;
				TARGETED_DEVICE_FAMILY = "1,2";
				TEST_HOST = "$(BUILT_PRODUCTS_DIR)/HaikuGenerator.app/HaikuGenerator";
			};
			name = Debug;
		};
		20B7A4CC227F2CF7007E490D /* Release */ = {
			isa = XCBuildConfiguration;
			buildSettings = {
				ALWAYS_EMBED_SWIFT_STANDARD_LIBRARIES = YES;
				BUNDLE_LOADER = "$(TEST_HOST)";
				CODE_SIGN_STYLE = Automatic;
				INFOPLIST_FILE = HaikuGeneratorTests/Info.plist;
				LD_RUNPATH_SEARCH_PATHS = (
					"$(inherited)",
					"@executable_path/Frameworks",
					"@loader_path/Frameworks",
				);
				PRODUCT_BUNDLE_IDENTIFIER = com.sidanakro.HaikuGeneratorTests;
				PRODUCT_NAME = "$(TARGET_NAME)";
				SWIFT_VERSION = 4.2;
				TARGETED_DEVICE_FAMILY = "1,2";
				TEST_HOST = "$(BUILT_PRODUCTS_DIR)/HaikuGenerator.app/HaikuGenerator";
			};
			name = Release;
		};
		20B7A4CE227F2CF7007E490D /* Debug */ = {
			isa = XCBuildConfiguration;
			buildSettings = {
				ALWAYS_EMBED_SWIFT_STANDARD_LIBRARIES = YES;
				CODE_SIGN_STYLE = Automatic;
				INFOPLIST_FILE = HaikuGeneratorUITests/Info.plist;
				LD_RUNPATH_SEARCH_PATHS = (
					"$(inherited)",
					"@executable_path/Frameworks",
					"@loader_path/Frameworks",
				);
				PRODUCT_BUNDLE_IDENTIFIER = com.sidanakro.HaikuGeneratorUITests;
				PRODUCT_NAME = "$(TARGET_NAME)";
				SWIFT_VERSION = 4.2;
				TARGETED_DEVICE_FAMILY = "1,2";
				TEST_TARGET_NAME = HaikuGenerator;
			};
			name = Debug;
		};
		20B7A4CF227F2CF7007E490D /* Release */ = {
			isa = XCBuildConfiguration;
			buildSettings = {
				ALWAYS_EMBED_SWIFT_STANDARD_LIBRARIES = YES;
				CODE_SIGN_STYLE = Automatic;
				INFOPLIST_FILE = HaikuGeneratorUITests/Info.plist;
				LD_RUNPATH_SEARCH_PATHS = (
					"$(inherited)",
					"@executable_path/Frameworks",
					"@loader_path/Frameworks",
				);
				PRODUCT_BUNDLE_IDENTIFIER = com.sidanakro.HaikuGeneratorUITests;
				PRODUCT_NAME = "$(TARGET_NAME)";
				SWIFT_VERSION = 4.2;
				TARGETED_DEVICE_FAMILY = "1,2";
				TEST_TARGET_NAME = HaikuGenerator;
			};
			name = Release;
		};
/* End XCBuildConfiguration section */

/* Begin XCConfigurationList section */
		20B7A49A227F2CF4007E490D /* Build configuration list for PBXProject "HaikuGenerator" */ = {
			isa = XCConfigurationList;
			buildConfigurations = (
				20B7A4C5227F2CF7007E490D /* Debug */,
				20B7A4C6227F2CF7007E490D /* Release */,
			);
			defaultConfigurationIsVisible = 0;
			defaultConfigurationName = Release;
		};
		20B7A4C7227F2CF7007E490D /* Build configuration list for PBXNativeTarget "HaikuGenerator" */ = {
			isa = XCConfigurationList;
			buildConfigurations = (
				20B7A4C8227F2CF7007E490D /* Debug */,
				20B7A4C9227F2CF7007E490D /* Release */,
			);
			defaultConfigurationIsVisible = 0;
			defaultConfigurationName = Release;
		};
		20B7A4CA227F2CF7007E490D /* Build configuration list for PBXNativeTarget "HaikuGeneratorTests" */ = {
			isa = XCConfigurationList;
			buildConfigurations = (
				20B7A4CB227F2CF7007E490D /* Debug */,
				20B7A4CC227F2CF7007E490D /* Release */,
			);
			defaultConfigurationIsVisible = 0;
			defaultConfigurationName = Release;
		};
		20B7A4CD227F2CF7007E490D /* Build configuration list for PBXNativeTarget "HaikuGeneratorUITests" */ = {
			isa = XCConfigurationList;
			buildConfigurations = (
				20B7A4CE227F2CF7007E490D /* Debug */,
				20B7A4CF227F2CF7007E490D /* Release */,
			);
			defaultConfigurationIsVisible = 0;
			defaultConfigurationName = Release;
		};
/* End XCConfigurationList section */
	};
	rootObject = 20B7A497227F2CF4007E490D /* Project object */;
}
